
Microsoft Visual Studio Solution File, Format Version 12.00
# Visual Studio Version 17
VisualStudioVersion = 17.6.33815.320
MinimumVisualStudioVersion = 10.0.40219.1
Project("{FAE04EC0-301F-11D3-BF4B-00C04F79EFBC}") = "MicroserviceA", "MicroserviceA\MicroserviceA.csproj", "{98DC829D-B30A-4EE2-9626-751D0C612FC3}"
EndProject
Project("{2150E333-8FDC-42A3-9474-1A3956D46DE8}") = "MicroA", "MicroA", "{202FC038-9079-43DA-ADAF-353630435291}"
EndProject
Project("{2150E333-8FDC-42A3-9474-1A3956D46DE8}") = "MicroB", "MicroB", "{AB834BBF-473F-446B-BEE7-2DA9516CAF73}"
EndProject
Project("{FAE04EC0-301F-11D3-BF4B-00C04F79EFBC}") = "MicroServicioB", "MicroServicioB\MicroServicioB.csproj", "{F918FBFB-FF1B-4DF5-B219-BC1B707F464A}"
EndProject
Global
	GlobalSection(SolutionConfigurationPlatforms) = preSolution
		Debug|Any CPU = Debug|Any CPU
		Release|Any CPU = Release|Any CPU
	EndGlobalSection
	GlobalSection(ProjectConfigurationPlatforms) = postSolution
		{98DC829D-B30A-4EE2-9626-751D0C612FC3}.Debug|Any CPU.ActiveCfg = Debug|Any CPU
		{98DC829D-B30A-4EE2-9626-751D0C612FC3}.Debug|Any CPU.Build.0 = Debug|Any CPU
		{98DC829D-B30A-4EE2-9626-751D0C612FC3}.Release|Any CPU.ActiveCfg = Release|Any CPU
		{98DC829D-B30A-4EE2-9626-751D0C612FC3}.Release|Any CPU.Build.0 = Release|Any CPU
		{F918FBFB-FF1B-4DF5-B219-BC1B707F464A}.Debug|Any CPU.ActiveCfg = Debug|Any CPU
		{F918FBFB-FF1B-4DF5-B219-BC1B707F464A}.Debug|Any CPU.Build.0 = Debug|Any CPU
		{F918FBFB-FF1B-4DF5-B219-BC1B707F464A}.Release|Any CPU.ActiveCfg = Release|Any CPU
		{F918FBFB-FF1B-4DF5-B219-BC1B707F464A}.Release|Any CPU.Build.0 = Release|Any CPU
	EndGlobalSection
	GlobalSection(SolutionProperties) = preSolution
		HideSolutionNode = FALSE
	EndGlobalSection
	GlobalSection(NestedProjects) = preSolution
		{98DC829D-B30A-4EE2-9626-751D0C612FC3} = {202FC038-9079-43DA-ADAF-353630435291}
		{F918FBFB-FF1B-4DF5-B219-BC1B707F464A} = {AB834BBF-473F-446B-BEE7-2DA9516CAF73}
	EndGlobalSection
	GlobalSection(ExtensibilityGlobals) = postSolution
		SolutionGuid = {B7DF2DBD-EBC2-4ECB-A863-463A2FDF4B94}
	EndGlobalSection
EndGlobal
