
Microsoft Visual Studio Solution File, Format Version 12.00
# Visual Studio Version 17
VisualStudioVersion = 17.6.33815.320
MinimumVisualStudioVersion = 10.0.40219.1
Project("{2150E333-8FDC-42A3-9474-1A3956D46DE8}") = "MicroA", "MicroA", "{202FC038-9079-43DA-ADAF-353630435291}"
EndProject
Project("{2150E333-8FDC-42A3-9474-1A3956D46DE8}") = "MicroB", "MicroB", "{AB834BBF-473F-446B-BEE7-2DA9516CAF73}"
EndProject
Project("{FAE04EC0-301F-11D3-BF4B-00C04F79EFBC}") = "Domain", "MicroA\Core\Domain\Domain.csproj", "{7F65EF3D-94DD-4E6D-8077-3E4FFA0DC1F7}"
EndProject
Project("{FAE04EC0-301F-11D3-BF4B-00C04F79EFBC}") = "WebApi", "MicroA\Api\WebApi\WebApi.csproj", "{D5BA324C-6B61-4CD7-9B69-8A1CEE10BB63}"
EndProject
Project("{FAE04EC0-301F-11D3-BF4B-00C04F79EFBC}") = "Domain", "MicroB\Core\Domain\Domain.csproj", "{FF141ABF-32C0-49D0-8363-F1E18EBAF827}"
EndProject
Project("{FAE04EC0-301F-11D3-BF4B-00C04F79EFBC}") = "WebApi", "MicroB\Api\WebApi\WebApi.csproj", "{C7295DA0-C1D7-4DF0-B871-8B6FD97CBBDE}"
EndProject
Project("{FAE04EC0-301F-11D3-BF4B-00C04F79EFBC}") = "Trasnversal.Domain", "Trasversales\Trasnversal.Domain\Trasnversal.Domain.csproj", "{0B04CC8B-03B8-4F29-870F-E682C683C821}"
EndProject
Project("{FAE04EC0-301F-11D3-BF4B-00C04F79EFBC}") = "Test", "MicroA\Test\Test\Test.csproj", "{012122FD-378C-4641-9C67-2471D9D75EE1}"
EndProject
Global
	GlobalSection(SolutionConfigurationPlatforms) = preSolution
		Debug|Any CPU = Debug|Any CPU
		Release|Any CPU = Release|Any CPU
	EndGlobalSection
	GlobalSection(ProjectConfigurationPlatforms) = postSolution
		{7F65EF3D-94DD-4E6D-8077-3E4FFA0DC1F7}.Debug|Any CPU.ActiveCfg = Debug|Any CPU
		{7F65EF3D-94DD-4E6D-8077-3E4FFA0DC1F7}.Debug|Any CPU.Build.0 = Debug|Any CPU
		{7F65EF3D-94DD-4E6D-8077-3E4FFA0DC1F7}.Release|Any CPU.ActiveCfg = Release|Any CPU
		{7F65EF3D-94DD-4E6D-8077-3E4FFA0DC1F7}.Release|Any CPU.Build.0 = Release|Any CPU
		{D5BA324C-6B61-4CD7-9B69-8A1CEE10BB63}.Debug|Any CPU.ActiveCfg = Debug|Any CPU
		{D5BA324C-6B61-4CD7-9B69-8A1CEE10BB63}.Debug|Any CPU.Build.0 = Debug|Any CPU
		{D5BA324C-6B61-4CD7-9B69-8A1CEE10BB63}.Release|Any CPU.ActiveCfg = Release|Any CPU
		{D5BA324C-6B61-4CD7-9B69-8A1CEE10BB63}.Release|Any CPU.Build.0 = Release|Any CPU
		{FF141ABF-32C0-49D0-8363-F1E18EBAF827}.Debug|Any CPU.ActiveCfg = Debug|Any CPU
		{FF141ABF-32C0-49D0-8363-F1E18EBAF827}.Debug|Any CPU.Build.0 = Debug|Any CPU
		{FF141ABF-32C0-49D0-8363-F1E18EBAF827}.Release|Any CPU.ActiveCfg = Release|Any CPU
		{FF141ABF-32C0-49D0-8363-F1E18EBAF827}.Release|Any CPU.Build.0 = Release|Any CPU
		{C7295DA0-C1D7-4DF0-B871-8B6FD97CBBDE}.Debug|Any CPU.ActiveCfg = Debug|Any CPU
		{C7295DA0-C1D7-4DF0-B871-8B6FD97CBBDE}.Debug|Any CPU.Build.0 = Debug|Any CPU
		{C7295DA0-C1D7-4DF0-B871-8B6FD97CBBDE}.Release|Any CPU.ActiveCfg = Release|Any CPU
		{C7295DA0-C1D7-4DF0-B871-8B6FD97CBBDE}.Release|Any CPU.Build.0 = Release|Any CPU
		{0B04CC8B-03B8-4F29-870F-E682C683C821}.Debug|Any CPU.ActiveCfg = Debug|Any CPU
		{0B04CC8B-03B8-4F29-870F-E682C683C821}.Debug|Any CPU.Build.0 = Debug|Any CPU
		{0B04CC8B-03B8-4F29-870F-E682C683C821}.Release|Any CPU.ActiveCfg = Release|Any CPU
		{0B04CC8B-03B8-4F29-870F-E682C683C821}.Release|Any CPU.Build.0 = Release|Any CPU
		{012122FD-378C-4641-9C67-2471D9D75EE1}.Debug|Any CPU.ActiveCfg = Debug|Any CPU
		{012122FD-378C-4641-9C67-2471D9D75EE1}.Debug|Any CPU.Build.0 = Debug|Any CPU
		{012122FD-378C-4641-9C67-2471D9D75EE1}.Release|Any CPU.ActiveCfg = Release|Any CPU
		{012122FD-378C-4641-9C67-2471D9D75EE1}.Release|Any CPU.Build.0 = Release|Any CPU
	EndGlobalSection
	GlobalSection(SolutionProperties) = preSolution
		HideSolutionNode = FALSE
	EndGlobalSection
	GlobalSection(NestedProjects) = preSolution
		{7F65EF3D-94DD-4E6D-8077-3E4FFA0DC1F7} = {202FC038-9079-43DA-ADAF-353630435291}
		{D5BA324C-6B61-4CD7-9B69-8A1CEE10BB63} = {202FC038-9079-43DA-ADAF-353630435291}
		{FF141ABF-32C0-49D0-8363-F1E18EBAF827} = {AB834BBF-473F-446B-BEE7-2DA9516CAF73}
		{C7295DA0-C1D7-4DF0-B871-8B6FD97CBBDE} = {AB834BBF-473F-446B-BEE7-2DA9516CAF73}
		{012122FD-378C-4641-9C67-2471D9D75EE1} = {202FC038-9079-43DA-ADAF-353630435291}
	EndGlobalSection
	GlobalSection(ExtensibilityGlobals) = postSolution
		SolutionGuid = {B7DF2DBD-EBC2-4ECB-A863-463A2FDF4B94}
	EndGlobalSection
EndGlobal
